
Microsoft Visual Studio Solution File, Format Version 12.00
# Visual Studio Version 17
VisualStudioVersion = 17.11.35327.3
MinimumVisualStudioVersion = 10.0.40219.1
Project("{9A19103F-16F7-4668-BE54-9A1E7A4F7556}") = "BlazorUrl", "BlazorUrl\BlazorUrl\BlazorUrl.csproj", "{1C99B028-32FB-4034-BC49-597AEB78A6F6}"
EndProject
Project("{9A19103F-16F7-4668-BE54-9A1E7A4F7556}") = "BlazorUrl.Client", "BlazorUrl\BlazorUrl.Client\BlazorUrl.Client.csproj", "{6C58ACCD-CE6A-4949-9CFF-6DF9DB4E5724}"
EndProject
Global
	GlobalSection(SolutionConfigurationPlatforms) = preSolution
		Debug|Any CPU = Debug|Any CPU
		Release|Any CPU = Release|Any CPU
	EndGlobalSection
	GlobalSection(ProjectConfigurationPlatforms) = postSolution
		{1C99B028-32FB-4034-BC49-597AEB78A6F6}.Debug|Any CPU.ActiveCfg = Debug|Any CPU
		{1C99B028-32FB-4034-BC49-597AEB78A6F6}.Debug|Any CPU.Build.0 = Debug|Any CPU
		{1C99B028-32FB-4034-BC49-597AEB78A6F6}.Release|Any CPU.ActiveCfg = Release|Any CPU
		{1C99B028-32FB-4034-BC49-597AEB78A6F6}.Release|Any CPU.Build.0 = Release|Any CPU
		{6C58ACCD-CE6A-4949-9CFF-6DF9DB4E5724}.Debug|Any CPU.ActiveCfg = Debug|Any CPU
		{6C58ACCD-CE6A-4949-9CFF-6DF9DB4E5724}.Debug|Any CPU.Build.0 = Debug|Any CPU
		{6C58ACCD-CE6A-4949-9CFF-6DF9DB4E5724}.Release|Any CPU.ActiveCfg = Release|Any CPU
		{6C58ACCD-CE6A-4949-9CFF-6DF9DB4E5724}.Release|Any CPU.Build.0 = Release|Any CPU
	EndGlobalSection
	GlobalSection(SolutionProperties) = preSolution
		HideSolutionNode = FALSE
	EndGlobalSection
	GlobalSection(ExtensibilityGlobals) = postSolution
		SolutionGuid = {13B92207-224D-4218-A03A-2C0B83CBD411}
	EndGlobalSection
EndGlobal
